
Microsoft Visual Studio Solution File, Format Version 12.00
# Visual Studio Version 17
VisualStudioVersion = 17.8.34330.188
MinimumVisualStudioVersion = 10.0.40219.1
Project("{FAE04EC0-301F-11D3-BF4B-00C04F79EFBC}") = "n_1", "n_1\n_1.csproj", "{9529068F-EE8C-4DA1-8E5F-EF7C7CF91E67}"
EndProject
Project("{FAE04EC0-301F-11D3-BF4B-00C04F79EFBC}") = "n_2", "n_2\n_2.csproj", "{12C6A154-B968-4624-A85F-600E6FF94D72}"
EndProject
Project("{FAE04EC0-301F-11D3-BF4B-00C04F79EFBC}") = "n_3", "n_3\n_3.csproj", "{5FF9BFDC-AA25-4BEA-9EAC-D3DDFF25E9E0}"
EndProject
Project("{FAE04EC0-301F-11D3-BF4B-00C04F79EFBC}") = "n_4", "n_4\n_4.csproj", "{6AA755BC-1B99-46AC-A7AC-3EFCBC1FD890}"
EndProject
Project("{FAE04EC0-301F-11D3-BF4B-00C04F79EFBC}") = "n_5", "n_5\n_5.csproj", "{E492D7A2-AF8D-4D32-84D1-1E3E0165040C}"
EndProject
Project("{FAE04EC0-301F-11D3-BF4B-00C04F79EFBC}") = "n_6", "n_6\n_6.csproj", "{6E697D01-4E93-4477-8128-2106C972316B}"
EndProject
Project("{FAE04EC0-301F-11D3-BF4B-00C04F79EFBC}") = "n_7", "n_7\n_7.csproj", "{4722A36B-1B90-4769-8132-4EB95A592320}"
EndProject
Project("{FAE04EC0-301F-11D3-BF4B-00C04F79EFBC}") = "n_8", "n_8\n_8.csproj", "{AF611670-87DF-495C-AF92-1C9475DD8CAB}"
EndProject
Project("{FAE04EC0-301F-11D3-BF4B-00C04F79EFBC}") = "n_9", "n_9\n_9.csproj", "{457A0BA5-289F-49DA-AFE6-D14744A02201}"
EndProject
Project("{FAE04EC0-301F-11D3-BF4B-00C04F79EFBC}") = "n_10", "n_10\n_10.csproj", "{7CB83C84-A384-4F63-9182-782ECBB7255E}"
EndProject
Project("{FAE04EC0-301F-11D3-BF4B-00C04F79EFBC}") = "n_11", "n_11\n_11.csproj", "{A28A7970-0795-41A6-9A88-CFED3ACA6CFF}"
EndProject
Project("{FAE04EC0-301F-11D3-BF4B-00C04F79EFBC}") = "n_12", "n_12\n_12.csproj", "{B6B3C4B0-59B4-43EA-948B-3A1F716533EB}"
EndProject
Project("{FAE04EC0-301F-11D3-BF4B-00C04F79EFBC}") = "n_13", "n_13\n_13.csproj", "{F2386F3A-5E92-443E-B65A-FF49761AE3B8}"
EndProject
Project("{FAE04EC0-301F-11D3-BF4B-00C04F79EFBC}") = "n_14", "n_14\n_14.csproj", "{A43C06C1-0BA1-4A6C-8C7F-3611DB9FE366}"
EndProject
Project("{FAE04EC0-301F-11D3-BF4B-00C04F79EFBC}") = "n_15", "n_15\n_15.csproj", "{CF59C249-AA4C-4FA4-85EB-97661D0A1DC0}"
EndProject
Project("{FAE04EC0-301F-11D3-BF4B-00C04F79EFBC}") = "n_16", "n_16\n_16.csproj", "{0376A6F8-B2EE-416E-968D-2788A927E62A}"
EndProject
Project("{FAE04EC0-301F-11D3-BF4B-00C04F79EFBC}") = "n_17", "n_17\n_17.csproj", "{10F84909-7A42-49A1-830E-552319FE7065}"
EndProject
Project("{FAE04EC0-301F-11D3-BF4B-00C04F79EFBC}") = "n_18", "n_18\n_18.csproj", "{56D58950-C6D7-437E-9E06-9373E3D2DDBD}"
EndProject
Global
	GlobalSection(SolutionConfigurationPlatforms) = preSolution
		Debug|Any CPU = Debug|Any CPU
		Release|Any CPU = Release|Any CPU
	EndGlobalSection
	GlobalSection(ProjectConfigurationPlatforms) = postSolution
		{9529068F-EE8C-4DA1-8E5F-EF7C7CF91E67}.Debug|Any CPU.ActiveCfg = Debug|Any CPU
		{9529068F-EE8C-4DA1-8E5F-EF7C7CF91E67}.Debug|Any CPU.Build.0 = Debug|Any CPU
		{9529068F-EE8C-4DA1-8E5F-EF7C7CF91E67}.Release|Any CPU.ActiveCfg = Release|Any CPU
		{9529068F-EE8C-4DA1-8E5F-EF7C7CF91E67}.Release|Any CPU.Build.0 = Release|Any CPU
		{12C6A154-B968-4624-A85F-600E6FF94D72}.Debug|Any CPU.ActiveCfg = Debug|Any CPU
		{12C6A154-B968-4624-A85F-600E6FF94D72}.Debug|Any CPU.Build.0 = Debug|Any CPU
		{12C6A154-B968-4624-A85F-600E6FF94D72}.Release|Any CPU.ActiveCfg = Release|Any CPU
		{12C6A154-B968-4624-A85F-600E6FF94D72}.Release|Any CPU.Build.0 = Release|Any CPU
		{5FF9BFDC-AA25-4BEA-9EAC-D3DDFF25E9E0}.Debug|Any CPU.ActiveCfg = Debug|Any CPU
		{5FF9BFDC-AA25-4BEA-9EAC-D3DDFF25E9E0}.Debug|Any CPU.Build.0 = Debug|Any CPU
		{5FF9BFDC-AA25-4BEA-9EAC-D3DDFF25E9E0}.Release|Any CPU.ActiveCfg = Release|Any CPU
		{5FF9BFDC-AA25-4BEA-9EAC-D3DDFF25E9E0}.Release|Any CPU.Build.0 = Release|Any CPU
		{6AA755BC-1B99-46AC-A7AC-3EFCBC1FD890}.Debug|Any CPU.ActiveCfg = Debug|Any CPU
		{6AA755BC-1B99-46AC-A7AC-3EFCBC1FD890}.Debug|Any CPU.Build.0 = Debug|Any CPU
		{6AA755BC-1B99-46AC-A7AC-3EFCBC1FD890}.Release|Any CPU.ActiveCfg = Release|Any CPU
		{6AA755BC-1B99-46AC-A7AC-3EFCBC1FD890}.Release|Any CPU.Build.0 = Release|Any CPU
		{E492D7A2-AF8D-4D32-84D1-1E3E0165040C}.Debug|Any CPU.ActiveCfg = Debug|Any CPU
		{E492D7A2-AF8D-4D32-84D1-1E3E0165040C}.Debug|Any CPU.Build.0 = Debug|Any CPU
		{E492D7A2-AF8D-4D32-84D1-1E3E0165040C}.Release|Any CPU.ActiveCfg = Release|Any CPU
		{E492D7A2-AF8D-4D32-84D1-1E3E0165040C}.Release|Any CPU.Build.0 = Release|Any CPU
		{6E697D01-4E93-4477-8128-2106C972316B}.Debug|Any CPU.ActiveCfg = Debug|Any CPU
		{6E697D01-4E93-4477-8128-2106C972316B}.Debug|Any CPU.Build.0 = Debug|Any CPU
		{6E697D01-4E93-4477-8128-2106C972316B}.Release|Any CPU.ActiveCfg = Release|Any CPU
		{6E697D01-4E93-4477-8128-2106C972316B}.Release|Any CPU.Build.0 = Release|Any CPU
		{4722A36B-1B90-4769-8132-4EB95A592320}.Debug|Any CPU.ActiveCfg = Debug|Any CPU
		{4722A36B-1B90-4769-8132-4EB95A592320}.Debug|Any CPU.Build.0 = Debug|Any CPU
		{4722A36B-1B90-4769-8132-4EB95A592320}.Release|Any CPU.ActiveCfg = Release|Any CPU
		{4722A36B-1B90-4769-8132-4EB95A592320}.Release|Any CPU.Build.0 = Release|Any CPU
		{AF611670-87DF-495C-AF92-1C9475DD8CAB}.Debug|Any CPU.ActiveCfg = Debug|Any CPU
		{AF611670-87DF-495C-AF92-1C9475DD8CAB}.Debug|Any CPU.Build.0 = Debug|Any CPU
		{AF611670-87DF-495C-AF92-1C9475DD8CAB}.Release|Any CPU.ActiveCfg = Release|Any CPU
		{AF611670-87DF-495C-AF92-1C9475DD8CAB}.Release|Any CPU.Build.0 = Release|Any CPU
		{457A0BA5-289F-49DA-AFE6-D14744A02201}.Debug|Any CPU.ActiveCfg = Debug|Any CPU
		{457A0BA5-289F-49DA-AFE6-D14744A02201}.Debug|Any CPU.Build.0 = Debug|Any CPU
		{457A0BA5-289F-49DA-AFE6-D14744A02201}.Release|Any CPU.ActiveCfg = Release|Any CPU
		{457A0BA5-289F-49DA-AFE6-D14744A02201}.Release|Any CPU.Build.0 = Release|Any CPU
		{7CB83C84-A384-4F63-9182-782ECBB7255E}.Debug|Any CPU.ActiveCfg = Debug|Any CPU
		{7CB83C84-A384-4F63-9182-782ECBB7255E}.Debug|Any CPU.Build.0 = Debug|Any CPU
		{7CB83C84-A384-4F63-9182-782ECBB7255E}.Release|Any CPU.ActiveCfg = Release|Any CPU
		{7CB83C84-A384-4F63-9182-782ECBB7255E}.Release|Any CPU.Build.0 = Release|Any CPU
		{A28A7970-0795-41A6-9A88-CFED3ACA6CFF}.Debug|Any CPU.ActiveCfg = Debug|Any CPU
		{A28A7970-0795-41A6-9A88-CFED3ACA6CFF}.Debug|Any CPU.Build.0 = Debug|Any CPU
		{A28A7970-0795-41A6-9A88-CFED3ACA6CFF}.Release|Any CPU.ActiveCfg = Release|Any CPU
		{A28A7970-0795-41A6-9A88-CFED3ACA6CFF}.Release|Any CPU.Build.0 = Release|Any CPU
		{B6B3C4B0-59B4-43EA-948B-3A1F716533EB}.Debug|Any CPU.ActiveCfg = Debug|Any CPU
		{B6B3C4B0-59B4-43EA-948B-3A1F716533EB}.Debug|Any CPU.Build.0 = Debug|Any CPU
		{B6B3C4B0-59B4-43EA-948B-3A1F716533EB}.Release|Any CPU.ActiveCfg = Release|Any CPU
		{B6B3C4B0-59B4-43EA-948B-3A1F716533EB}.Release|Any CPU.Build.0 = Release|Any CPU
		{F2386F3A-5E92-443E-B65A-FF49761AE3B8}.Debug|Any CPU.ActiveCfg = Debug|Any CPU
		{F2386F3A-5E92-443E-B65A-FF49761AE3B8}.Debug|Any CPU.Build.0 = Debug|Any CPU
		{F2386F3A-5E92-443E-B65A-FF49761AE3B8}.Release|Any CPU.ActiveCfg = Release|Any CPU
		{F2386F3A-5E92-443E-B65A-FF49761AE3B8}.Release|Any CPU.Build.0 = Release|Any CPU
		{A43C06C1-0BA1-4A6C-8C7F-3611DB9FE366}.Debug|Any CPU.ActiveCfg = Debug|Any CPU
		{A43C06C1-0BA1-4A6C-8C7F-3611DB9FE366}.Debug|Any CPU.Build.0 = Debug|Any CPU
		{A43C06C1-0BA1-4A6C-8C7F-3611DB9FE366}.Release|Any CPU.ActiveCfg = Release|Any CPU
		{A43C06C1-0BA1-4A6C-8C7F-3611DB9FE366}.Release|Any CPU.Build.0 = Release|Any CPU
		{CF59C249-AA4C-4FA4-85EB-97661D0A1DC0}.Debug|Any CPU.ActiveCfg = Debug|Any CPU
		{CF59C249-AA4C-4FA4-85EB-97661D0A1DC0}.Debug|Any CPU.Build.0 = Debug|Any CPU
		{CF59C249-AA4C-4FA4-85EB-97661D0A1DC0}.Release|Any CPU.ActiveCfg = Release|Any CPU
		{CF59C249-AA4C-4FA4-85EB-97661D0A1DC0}.Release|Any CPU.Build.0 = Release|Any CPU
		{0376A6F8-B2EE-416E-968D-2788A927E62A}.Debug|Any CPU.ActiveCfg = Debug|Any CPU
		{0376A6F8-B2EE-416E-968D-2788A927E62A}.Debug|Any CPU.Build.0 = Debug|Any CPU
		{0376A6F8-B2EE-416E-968D-2788A927E62A}.Release|Any CPU.ActiveCfg = Release|Any CPU
		{0376A6F8-B2EE-416E-968D-2788A927E62A}.Release|Any CPU.Build.0 = Release|Any CPU
		{10F84909-7A42-49A1-830E-552319FE7065}.Debug|Any CPU.ActiveCfg = Debug|Any CPU
		{10F84909-7A42-49A1-830E-552319FE7065}.Debug|Any CPU.Build.0 = Debug|Any CPU
		{10F84909-7A42-49A1-830E-552319FE7065}.Release|Any CPU.ActiveCfg = Release|Any CPU
		{10F84909-7A42-49A1-830E-552319FE7065}.Release|Any CPU.Build.0 = Release|Any CPU
		{56D58950-C6D7-437E-9E06-9373E3D2DDBD}.Debug|Any CPU.ActiveCfg = Debug|Any CPU
		{56D58950-C6D7-437E-9E06-9373E3D2DDBD}.Debug|Any CPU.Build.0 = Debug|Any CPU
		{56D58950-C6D7-437E-9E06-9373E3D2DDBD}.Release|Any CPU.ActiveCfg = Release|Any CPU
		{56D58950-C6D7-437E-9E06-9373E3D2DDBD}.Release|Any CPU.Build.0 = Release|Any CPU
	EndGlobalSection
	GlobalSection(SolutionProperties) = preSolution
		HideSolutionNode = FALSE
	EndGlobalSection
	GlobalSection(ExtensibilityGlobals) = postSolution
		SolutionGuid = {E1E100DE-3015-43DB-B864-6122543BB3C8}
	EndGlobalSection
EndGlobal
