
Microsoft Visual Studio Solution File, Format Version 12.00
# Visual Studio Version 17
VisualStudioVersion = 17.8.34330.188
MinimumVisualStudioVersion = 10.0.40219.1
Project("{FAE04EC0-301F-11D3-BF4B-00C04F79EFBC}") = "n_18_19", "n_18_19\n_18_19.csproj", "{276CC7C5-BB67-4CD3-BE2F-A4FC4AC822EB}"
EndProject
Project("{FAE04EC0-301F-11D3-BF4B-00C04F79EFBC}") = "n_21", "n_21\n_21.csproj", "{F0CF7792-9E03-4770-82D0-CEE01C3159DA}"
EndProject
Project("{FAE04EC0-301F-11D3-BF4B-00C04F79EFBC}") = "n_21_2", "n_21_2\n_21_2.csproj", "{EA1B227D-109A-4209-9C8F-98B5131DBE7A}"
EndProject
Project("{FAE04EC0-301F-11D3-BF4B-00C04F79EFBC}") = "Doklad_1", "Doklad_1\Doklad_1.csproj", "{B473450D-66F4-40E2-A403-BB48A95710C6}"
EndProject
Global
	GlobalSection(SolutionConfigurationPlatforms) = preSolution
		Debug|Any CPU = Debug|Any CPU
		Release|Any CPU = Release|Any CPU
	EndGlobalSection
	GlobalSection(ProjectConfigurationPlatforms) = postSolution
		{276CC7C5-BB67-4CD3-BE2F-A4FC4AC822EB}.Debug|Any CPU.ActiveCfg = Debug|Any CPU
		{276CC7C5-BB67-4CD3-BE2F-A4FC4AC822EB}.Debug|Any CPU.Build.0 = Debug|Any CPU
		{276CC7C5-BB67-4CD3-BE2F-A4FC4AC822EB}.Release|Any CPU.ActiveCfg = Release|Any CPU
		{276CC7C5-BB67-4CD3-BE2F-A4FC4AC822EB}.Release|Any CPU.Build.0 = Release|Any CPU
		{F0CF7792-9E03-4770-82D0-CEE01C3159DA}.Debug|Any CPU.ActiveCfg = Debug|Any CPU
		{F0CF7792-9E03-4770-82D0-CEE01C3159DA}.Debug|Any CPU.Build.0 = Debug|Any CPU
		{F0CF7792-9E03-4770-82D0-CEE01C3159DA}.Release|Any CPU.ActiveCfg = Release|Any CPU
		{F0CF7792-9E03-4770-82D0-CEE01C3159DA}.Release|Any CPU.Build.0 = Release|Any CPU
		{EA1B227D-109A-4209-9C8F-98B5131DBE7A}.Debug|Any CPU.ActiveCfg = Debug|Any CPU
		{EA1B227D-109A-4209-9C8F-98B5131DBE7A}.Debug|Any CPU.Build.0 = Debug|Any CPU
		{EA1B227D-109A-4209-9C8F-98B5131DBE7A}.Release|Any CPU.ActiveCfg = Release|Any CPU
		{EA1B227D-109A-4209-9C8F-98B5131DBE7A}.Release|Any CPU.Build.0 = Release|Any CPU
		{B473450D-66F4-40E2-A403-BB48A95710C6}.Debug|Any CPU.ActiveCfg = Debug|Any CPU
		{B473450D-66F4-40E2-A403-BB48A95710C6}.Debug|Any CPU.Build.0 = Debug|Any CPU
		{B473450D-66F4-40E2-A403-BB48A95710C6}.Release|Any CPU.ActiveCfg = Release|Any CPU
		{B473450D-66F4-40E2-A403-BB48A95710C6}.Release|Any CPU.Build.0 = Release|Any CPU
	EndGlobalSection
	GlobalSection(SolutionProperties) = preSolution
		HideSolutionNode = FALSE
	EndGlobalSection
	GlobalSection(ExtensibilityGlobals) = postSolution
		SolutionGuid = {83A98D03-A7F8-409A-84CB-7344EA57BD4F}
	EndGlobalSection
EndGlobal
