
Microsoft Visual Studio Solution File, Format Version 12.00
# Visual Studio Version 17
VisualStudioVersion = 17.8.34330.188
MinimumVisualStudioVersion = 10.0.40219.1
Project("{8BC9CEB8-8B4A-11D0-8D11-00A0C91BC942}") = "Shablon_Petr", "Shablon\Shablon.vcxproj", "{3961B6A4-5A9C-477D-9B42-6EF89A82BBE2}"
EndProject
Project("{8BC9CEB8-8B4A-11D0-8D11-00A0C91BC942}") = "test", "test\test.vcxproj", "{64AF7C59-D302-46BE-B540-4BB7B21F5CFE}"
EndProject
Project("{2150E333-8FDC-42A3-9474-1A3956D46DE8}") = "ContestSFedU-2024", "ContestSFedU-2024", "{1048A069-4818-4F5D-922A-962B6724F7D4}"
EndProject
Project("{8BC9CEB8-8B4A-11D0-8D11-00A0C91BC942}") = "ContestSFedU-2024_A", "ContestSFedU-2024\ContestSFedU-2024_A\ContestSFedU-2024_A.vcxproj", "{ADBA4266-CA9A-4EF6-8210-91CADFED72B4}"
EndProject
Project("{8BC9CEB8-8B4A-11D0-8D11-00A0C91BC942}") = "ContestSFedU-2024_B", "ContestSFedU-2024\ContestSFedU-2024_B\ContestSFedU-2024_B.vcxproj", "{1F281D35-4AB8-47E4-8737-853B69F07059}"
EndProject
Project("{8BC9CEB8-8B4A-11D0-8D11-00A0C91BC942}") = "ContestSFedU-2024_C", "ContestSFedU-2024\ContestSFedU-2024_C\ContestSFedU-2024_C.vcxproj", "{7FFA9016-EB80-4AF0-AA5B-945A15C1F1C0}"
EndProject
Project("{8BC9CEB8-8B4A-11D0-8D11-00A0C91BC942}") = "ContestSFedU-2024_D", "ContestSFedU-2024\ContestSFedU-2024_D\ContestSFedU-2024_D.vcxproj", "{BED1A1FD-A197-4E38-82E9-2BF164CD2B5C}"
EndProject
Project("{8BC9CEB8-8B4A-11D0-8D11-00A0C91BC942}") = "ContestSFedU-2024_E", "ContestSFedU-2024\ContestSFedU-2024_E\ContestSFedU-2024_E.vcxproj", "{DBDDBCA5-E5C4-4E1A-BD32-A85A948F8CE5}"
EndProject
Project("{8BC9CEB8-8B4A-11D0-8D11-00A0C91BC942}") = "ContestSFedU-2024_F", "ContestSFedU-2024\ContestSFedU-2024_F\ContestSFedU-2024_F.vcxproj", "{D7474805-566E-4585-B643-FA5E0BA71FF3}"
EndProject
Project("{8BC9CEB8-8B4A-11D0-8D11-00A0C91BC942}") = "ContestSFedU-2024_G", "ContestSFedU-2024\ContestSFedU-2024_G\ContestSFedU-2024_G.vcxproj", "{B685B1DD-4F94-4AA0-AB02-2663528A003E}"
EndProject
Project("{8BC9CEB8-8B4A-11D0-8D11-00A0C91BC942}") = "ContestSFedU-2024_I", "ContestSFedU-2024\ContestSFedU-2024_I\ContestSFedU-2024_I.vcxproj", "{4B865027-D057-472C-8A3B-3E6DF00CC95D}"
EndProject
Project("{8BC9CEB8-8B4A-11D0-8D11-00A0C91BC942}") = "ContestSFedU-2024_J", "ContestSFedU-2024\ContestSFedU-2024_J\ContestSFedU-2024_J.vcxproj", "{B65A0B18-4276-46CF-AE89-A68A1A14B0EB}"
EndProject
Project("{8BC9CEB8-8B4A-11D0-8D11-00A0C91BC942}") = "ContestSFedU-2024_K", "ContestSFedU-2024\ContestSFedU-2024_K\ContestSFedU-2024_K.vcxproj", "{2E74DEEA-8D81-4428-95FA-D16AF6AFEE75}"
EndProject
Project("{8BC9CEB8-8B4A-11D0-8D11-00A0C91BC942}") = "ContestSFedU-2024_L", "ContestSFedU-2024\ContestSFedU-2024_L\ContestSFedU-2024_L.vcxproj", "{6F172BE6-ABC8-4FAD-8B0C-843F6D11901C}"
EndProject
Project("{8BC9CEB8-8B4A-11D0-8D11-00A0C91BC942}") = "ContestSFedU-2024_N", "ContestSFedU-2024\ContestSFedU-2024_N\ContestSFedU-2024_N.vcxproj", "{0A6715F4-B168-4538-B6C5-3D18D5E0D5F7}"
EndProject
Project("{8BC9CEB8-8B4A-11D0-8D11-00A0C91BC942}") = "ContestSFedU-2024_O", "ContestSFedU-2024\ContestSFedU-2024_O\ContestSFedU-2024_O.vcxproj", "{80323E75-8D04-49BA-98C0-8F395E424CB0}"
EndProject
Project("{8BC9CEB8-8B4A-11D0-8D11-00A0C91BC942}") = "ContestSFedU-2024_P", "ContestSFedU-2024\ContestSFedU-2024_P\ContestSFedU-2024_P.vcxproj", "{325679FC-2744-4763-A39F-10196DEA3C90}"
EndProject
Project("{8BC9CEB8-8B4A-11D0-8D11-00A0C91BC942}") = "ContestSFedU-2024_Q", "ContestSFedU-2024\ContestSFedU-2024_Q\ContestSFedU-2024_Q.vcxproj", "{BA2D826D-AE1D-4F4E-8982-27D2D0C2F723}"
EndProject
Project("{8BC9CEB8-8B4A-11D0-8D11-00A0C91BC942}") = "south_park", "ContestSFedU-2024\south_park\south_park.vcxproj", "{7D972377-1B8B-4DE6-A290-977536356A71}"
EndProject
Global
	GlobalSection(SolutionConfigurationPlatforms) = preSolution
		Debug|x64 = Debug|x64
		Debug|x86 = Debug|x86
		Release|x64 = Release|x64
		Release|x86 = Release|x86
	EndGlobalSection
	GlobalSection(ProjectConfigurationPlatforms) = postSolution
		{3961B6A4-5A9C-477D-9B42-6EF89A82BBE2}.Debug|x64.ActiveCfg = Debug|x64
		{3961B6A4-5A9C-477D-9B42-6EF89A82BBE2}.Debug|x64.Build.0 = Debug|x64
		{3961B6A4-5A9C-477D-9B42-6EF89A82BBE2}.Debug|x86.ActiveCfg = Debug|Win32
		{3961B6A4-5A9C-477D-9B42-6EF89A82BBE2}.Debug|x86.Build.0 = Debug|Win32
		{3961B6A4-5A9C-477D-9B42-6EF89A82BBE2}.Release|x64.ActiveCfg = Release|x64
		{3961B6A4-5A9C-477D-9B42-6EF89A82BBE2}.Release|x64.Build.0 = Release|x64
		{3961B6A4-5A9C-477D-9B42-6EF89A82BBE2}.Release|x86.ActiveCfg = Release|Win32
		{3961B6A4-5A9C-477D-9B42-6EF89A82BBE2}.Release|x86.Build.0 = Release|Win32
		{64AF7C59-D302-46BE-B540-4BB7B21F5CFE}.Debug|x64.ActiveCfg = Debug|x64
		{64AF7C59-D302-46BE-B540-4BB7B21F5CFE}.Debug|x64.Build.0 = Debug|x64
		{64AF7C59-D302-46BE-B540-4BB7B21F5CFE}.Debug|x86.ActiveCfg = Debug|Win32
		{64AF7C59-D302-46BE-B540-4BB7B21F5CFE}.Debug|x86.Build.0 = Debug|Win32
		{64AF7C59-D302-46BE-B540-4BB7B21F5CFE}.Release|x64.ActiveCfg = Release|x64
		{64AF7C59-D302-46BE-B540-4BB7B21F5CFE}.Release|x64.Build.0 = Release|x64
		{64AF7C59-D302-46BE-B540-4BB7B21F5CFE}.Release|x86.ActiveCfg = Release|Win32
		{64AF7C59-D302-46BE-B540-4BB7B21F5CFE}.Release|x86.Build.0 = Release|Win32
		{ADBA4266-CA9A-4EF6-8210-91CADFED72B4}.Debug|x64.ActiveCfg = Debug|x64
		{ADBA4266-CA9A-4EF6-8210-91CADFED72B4}.Debug|x64.Build.0 = Debug|x64
		{ADBA4266-CA9A-4EF6-8210-91CADFED72B4}.Debug|x86.ActiveCfg = Debug|Win32
		{ADBA4266-CA9A-4EF6-8210-91CADFED72B4}.Debug|x86.Build.0 = Debug|Win32
		{ADBA4266-CA9A-4EF6-8210-91CADFED72B4}.Release|x64.ActiveCfg = Release|x64
		{ADBA4266-CA9A-4EF6-8210-91CADFED72B4}.Release|x64.Build.0 = Release|x64
		{ADBA4266-CA9A-4EF6-8210-91CADFED72B4}.Release|x86.ActiveCfg = Release|Win32
		{ADBA4266-CA9A-4EF6-8210-91CADFED72B4}.Release|x86.Build.0 = Release|Win32
		{1F281D35-4AB8-47E4-8737-853B69F07059}.Debug|x64.ActiveCfg = Debug|x64
		{1F281D35-4AB8-47E4-8737-853B69F07059}.Debug|x64.Build.0 = Debug|x64
		{1F281D35-4AB8-47E4-8737-853B69F07059}.Debug|x86.ActiveCfg = Debug|Win32
		{1F281D35-4AB8-47E4-8737-853B69F07059}.Debug|x86.Build.0 = Debug|Win32
		{1F281D35-4AB8-47E4-8737-853B69F07059}.Release|x64.ActiveCfg = Release|x64
		{1F281D35-4AB8-47E4-8737-853B69F07059}.Release|x64.Build.0 = Release|x64
		{1F281D35-4AB8-47E4-8737-853B69F07059}.Release|x86.ActiveCfg = Release|Win32
		{1F281D35-4AB8-47E4-8737-853B69F07059}.Release|x86.Build.0 = Release|Win32
		{7FFA9016-EB80-4AF0-AA5B-945A15C1F1C0}.Debug|x64.ActiveCfg = Debug|x64
		{7FFA9016-EB80-4AF0-AA5B-945A15C1F1C0}.Debug|x64.Build.0 = Debug|x64
		{7FFA9016-EB80-4AF0-AA5B-945A15C1F1C0}.Debug|x86.ActiveCfg = Debug|Win32
		{7FFA9016-EB80-4AF0-AA5B-945A15C1F1C0}.Debug|x86.Build.0 = Debug|Win32
		{7FFA9016-EB80-4AF0-AA5B-945A15C1F1C0}.Release|x64.ActiveCfg = Release|x64
		{7FFA9016-EB80-4AF0-AA5B-945A15C1F1C0}.Release|x64.Build.0 = Release|x64
		{7FFA9016-EB80-4AF0-AA5B-945A15C1F1C0}.Release|x86.ActiveCfg = Release|Win32
		{7FFA9016-EB80-4AF0-AA5B-945A15C1F1C0}.Release|x86.Build.0 = Release|Win32
		{BED1A1FD-A197-4E38-82E9-2BF164CD2B5C}.Debug|x64.ActiveCfg = Debug|x64
		{BED1A1FD-A197-4E38-82E9-2BF164CD2B5C}.Debug|x64.Build.0 = Debug|x64
		{BED1A1FD-A197-4E38-82E9-2BF164CD2B5C}.Debug|x86.ActiveCfg = Debug|Win32
		{BED1A1FD-A197-4E38-82E9-2BF164CD2B5C}.Debug|x86.Build.0 = Debug|Win32
		{BED1A1FD-A197-4E38-82E9-2BF164CD2B5C}.Release|x64.ActiveCfg = Release|x64
		{BED1A1FD-A197-4E38-82E9-2BF164CD2B5C}.Release|x64.Build.0 = Release|x64
		{BED1A1FD-A197-4E38-82E9-2BF164CD2B5C}.Release|x86.ActiveCfg = Release|Win32
		{BED1A1FD-A197-4E38-82E9-2BF164CD2B5C}.Release|x86.Build.0 = Release|Win32
		{DBDDBCA5-E5C4-4E1A-BD32-A85A948F8CE5}.Debug|x64.ActiveCfg = Debug|x64
		{DBDDBCA5-E5C4-4E1A-BD32-A85A948F8CE5}.Debug|x64.Build.0 = Debug|x64
		{DBDDBCA5-E5C4-4E1A-BD32-A85A948F8CE5}.Debug|x86.ActiveCfg = Debug|Win32
		{DBDDBCA5-E5C4-4E1A-BD32-A85A948F8CE5}.Debug|x86.Build.0 = Debug|Win32
		{DBDDBCA5-E5C4-4E1A-BD32-A85A948F8CE5}.Release|x64.ActiveCfg = Release|x64
		{DBDDBCA5-E5C4-4E1A-BD32-A85A948F8CE5}.Release|x64.Build.0 = Release|x64
		{DBDDBCA5-E5C4-4E1A-BD32-A85A948F8CE5}.Release|x86.ActiveCfg = Release|Win32
		{DBDDBCA5-E5C4-4E1A-BD32-A85A948F8CE5}.Release|x86.Build.0 = Release|Win32
		{D7474805-566E-4585-B643-FA5E0BA71FF3}.Debug|x64.ActiveCfg = Debug|x64
		{D7474805-566E-4585-B643-FA5E0BA71FF3}.Debug|x64.Build.0 = Debug|x64
		{D7474805-566E-4585-B643-FA5E0BA71FF3}.Debug|x86.ActiveCfg = Debug|Win32
		{D7474805-566E-4585-B643-FA5E0BA71FF3}.Debug|x86.Build.0 = Debug|Win32
		{D7474805-566E-4585-B643-FA5E0BA71FF3}.Release|x64.ActiveCfg = Release|x64
		{D7474805-566E-4585-B643-FA5E0BA71FF3}.Release|x64.Build.0 = Release|x64
		{D7474805-566E-4585-B643-FA5E0BA71FF3}.Release|x86.ActiveCfg = Release|Win32
		{D7474805-566E-4585-B643-FA5E0BA71FF3}.Release|x86.Build.0 = Release|Win32
		{B685B1DD-4F94-4AA0-AB02-2663528A003E}.Debug|x64.ActiveCfg = Debug|x64
		{B685B1DD-4F94-4AA0-AB02-2663528A003E}.Debug|x64.Build.0 = Debug|x64
		{B685B1DD-4F94-4AA0-AB02-2663528A003E}.Debug|x86.ActiveCfg = Debug|Win32
		{B685B1DD-4F94-4AA0-AB02-2663528A003E}.Debug|x86.Build.0 = Debug|Win32
		{B685B1DD-4F94-4AA0-AB02-2663528A003E}.Release|x64.ActiveCfg = Release|x64
		{B685B1DD-4F94-4AA0-AB02-2663528A003E}.Release|x64.Build.0 = Release|x64
		{B685B1DD-4F94-4AA0-AB02-2663528A003E}.Release|x86.ActiveCfg = Release|Win32
		{B685B1DD-4F94-4AA0-AB02-2663528A003E}.Release|x86.Build.0 = Release|Win32
		{4B865027-D057-472C-8A3B-3E6DF00CC95D}.Debug|x64.ActiveCfg = Debug|x64
		{4B865027-D057-472C-8A3B-3E6DF00CC95D}.Debug|x64.Build.0 = Debug|x64
		{4B865027-D057-472C-8A3B-3E6DF00CC95D}.Debug|x86.ActiveCfg = Debug|Win32
		{4B865027-D057-472C-8A3B-3E6DF00CC95D}.Debug|x86.Build.0 = Debug|Win32
		{4B865027-D057-472C-8A3B-3E6DF00CC95D}.Release|x64.ActiveCfg = Release|x64
		{4B865027-D057-472C-8A3B-3E6DF00CC95D}.Release|x64.Build.0 = Release|x64
		{4B865027-D057-472C-8A3B-3E6DF00CC95D}.Release|x86.ActiveCfg = Release|Win32
		{4B865027-D057-472C-8A3B-3E6DF00CC95D}.Release|x86.Build.0 = Release|Win32
		{B65A0B18-4276-46CF-AE89-A68A1A14B0EB}.Debug|x64.ActiveCfg = Debug|x64
		{B65A0B18-4276-46CF-AE89-A68A1A14B0EB}.Debug|x64.Build.0 = Debug|x64
		{B65A0B18-4276-46CF-AE89-A68A1A14B0EB}.Debug|x86.ActiveCfg = Debug|Win32
		{B65A0B18-4276-46CF-AE89-A68A1A14B0EB}.Debug|x86.Build.0 = Debug|Win32
		{B65A0B18-4276-46CF-AE89-A68A1A14B0EB}.Release|x64.ActiveCfg = Release|x64
		{B65A0B18-4276-46CF-AE89-A68A1A14B0EB}.Release|x64.Build.0 = Release|x64
		{B65A0B18-4276-46CF-AE89-A68A1A14B0EB}.Release|x86.ActiveCfg = Release|Win32
		{B65A0B18-4276-46CF-AE89-A68A1A14B0EB}.Release|x86.Build.0 = Release|Win32
		{2E74DEEA-8D81-4428-95FA-D16AF6AFEE75}.Debug|x64.ActiveCfg = Debug|x64
		{2E74DEEA-8D81-4428-95FA-D16AF6AFEE75}.Debug|x64.Build.0 = Debug|x64
		{2E74DEEA-8D81-4428-95FA-D16AF6AFEE75}.Debug|x86.ActiveCfg = Debug|Win32
		{2E74DEEA-8D81-4428-95FA-D16AF6AFEE75}.Debug|x86.Build.0 = Debug|Win32
		{2E74DEEA-8D81-4428-95FA-D16AF6AFEE75}.Release|x64.ActiveCfg = Release|x64
		{2E74DEEA-8D81-4428-95FA-D16AF6AFEE75}.Release|x64.Build.0 = Release|x64
		{2E74DEEA-8D81-4428-95FA-D16AF6AFEE75}.Release|x86.ActiveCfg = Release|Win32
		{2E74DEEA-8D81-4428-95FA-D16AF6AFEE75}.Release|x86.Build.0 = Release|Win32
		{6F172BE6-ABC8-4FAD-8B0C-843F6D11901C}.Debug|x64.ActiveCfg = Debug|x64
		{6F172BE6-ABC8-4FAD-8B0C-843F6D11901C}.Debug|x64.Build.0 = Debug|x64
		{6F172BE6-ABC8-4FAD-8B0C-843F6D11901C}.Debug|x86.ActiveCfg = Debug|Win32
		{6F172BE6-ABC8-4FAD-8B0C-843F6D11901C}.Debug|x86.Build.0 = Debug|Win32
		{6F172BE6-ABC8-4FAD-8B0C-843F6D11901C}.Release|x64.ActiveCfg = Release|x64
		{6F172BE6-ABC8-4FAD-8B0C-843F6D11901C}.Release|x64.Build.0 = Release|x64
		{6F172BE6-ABC8-4FAD-8B0C-843F6D11901C}.Release|x86.ActiveCfg = Release|Win32
		{6F172BE6-ABC8-4FAD-8B0C-843F6D11901C}.Release|x86.Build.0 = Release|Win32
		{0A6715F4-B168-4538-B6C5-3D18D5E0D5F7}.Debug|x64.ActiveCfg = Debug|x64
		{0A6715F4-B168-4538-B6C5-3D18D5E0D5F7}.Debug|x64.Build.0 = Debug|x64
		{0A6715F4-B168-4538-B6C5-3D18D5E0D5F7}.Debug|x86.ActiveCfg = Debug|Win32
		{0A6715F4-B168-4538-B6C5-3D18D5E0D5F7}.Debug|x86.Build.0 = Debug|Win32
		{0A6715F4-B168-4538-B6C5-3D18D5E0D5F7}.Release|x64.ActiveCfg = Release|x64
		{0A6715F4-B168-4538-B6C5-3D18D5E0D5F7}.Release|x64.Build.0 = Release|x64
		{0A6715F4-B168-4538-B6C5-3D18D5E0D5F7}.Release|x86.ActiveCfg = Release|Win32
		{0A6715F4-B168-4538-B6C5-3D18D5E0D5F7}.Release|x86.Build.0 = Release|Win32
		{80323E75-8D04-49BA-98C0-8F395E424CB0}.Debug|x64.ActiveCfg = Debug|x64
		{80323E75-8D04-49BA-98C0-8F395E424CB0}.Debug|x64.Build.0 = Debug|x64
		{80323E75-8D04-49BA-98C0-8F395E424CB0}.Debug|x86.ActiveCfg = Debug|Win32
		{80323E75-8D04-49BA-98C0-8F395E424CB0}.Debug|x86.Build.0 = Debug|Win32
		{80323E75-8D04-49BA-98C0-8F395E424CB0}.Release|x64.ActiveCfg = Release|x64
		{80323E75-8D04-49BA-98C0-8F395E424CB0}.Release|x64.Build.0 = Release|x64
		{80323E75-8D04-49BA-98C0-8F395E424CB0}.Release|x86.ActiveCfg = Release|Win32
		{80323E75-8D04-49BA-98C0-8F395E424CB0}.Release|x86.Build.0 = Release|Win32
		{325679FC-2744-4763-A39F-10196DEA3C90}.Debug|x64.ActiveCfg = Debug|x64
		{325679FC-2744-4763-A39F-10196DEA3C90}.Debug|x64.Build.0 = Debug|x64
		{325679FC-2744-4763-A39F-10196DEA3C90}.Debug|x86.ActiveCfg = Debug|Win32
		{325679FC-2744-4763-A39F-10196DEA3C90}.Debug|x86.Build.0 = Debug|Win32
		{325679FC-2744-4763-A39F-10196DEA3C90}.Release|x64.ActiveCfg = Release|x64
		{325679FC-2744-4763-A39F-10196DEA3C90}.Release|x64.Build.0 = Release|x64
		{325679FC-2744-4763-A39F-10196DEA3C90}.Release|x86.ActiveCfg = Release|Win32
		{325679FC-2744-4763-A39F-10196DEA3C90}.Release|x86.Build.0 = Release|Win32
		{BA2D826D-AE1D-4F4E-8982-27D2D0C2F723}.Debug|x64.ActiveCfg = Debug|x64
		{BA2D826D-AE1D-4F4E-8982-27D2D0C2F723}.Debug|x64.Build.0 = Debug|x64
		{BA2D826D-AE1D-4F4E-8982-27D2D0C2F723}.Debug|x86.ActiveCfg = Debug|Win32
		{BA2D826D-AE1D-4F4E-8982-27D2D0C2F723}.Debug|x86.Build.0 = Debug|Win32
		{BA2D826D-AE1D-4F4E-8982-27D2D0C2F723}.Release|x64.ActiveCfg = Release|x64
		{BA2D826D-AE1D-4F4E-8982-27D2D0C2F723}.Release|x64.Build.0 = Release|x64
		{BA2D826D-AE1D-4F4E-8982-27D2D0C2F723}.Release|x86.ActiveCfg = Release|Win32
		{BA2D826D-AE1D-4F4E-8982-27D2D0C2F723}.Release|x86.Build.0 = Release|Win32
		{7D972377-1B8B-4DE6-A290-977536356A71}.Debug|x64.ActiveCfg = Debug|x64
		{7D972377-1B8B-4DE6-A290-977536356A71}.Debug|x64.Build.0 = Debug|x64
		{7D972377-1B8B-4DE6-A290-977536356A71}.Debug|x86.ActiveCfg = Debug|Win32
		{7D972377-1B8B-4DE6-A290-977536356A71}.Debug|x86.Build.0 = Debug|Win32
		{7D972377-1B8B-4DE6-A290-977536356A71}.Release|x64.ActiveCfg = Release|x64
		{7D972377-1B8B-4DE6-A290-977536356A71}.Release|x64.Build.0 = Release|x64
		{7D972377-1B8B-4DE6-A290-977536356A71}.Release|x86.ActiveCfg = Release|Win32
		{7D972377-1B8B-4DE6-A290-977536356A71}.Release|x86.Build.0 = Release|Win32
	EndGlobalSection
	GlobalSection(SolutionProperties) = preSolution
		HideSolutionNode = FALSE
	EndGlobalSection
	GlobalSection(NestedProjects) = preSolution
		{ADBA4266-CA9A-4EF6-8210-91CADFED72B4} = {1048A069-4818-4F5D-922A-962B6724F7D4}
		{1F281D35-4AB8-47E4-8737-853B69F07059} = {1048A069-4818-4F5D-922A-962B6724F7D4}
		{7FFA9016-EB80-4AF0-AA5B-945A15C1F1C0} = {1048A069-4818-4F5D-922A-962B6724F7D4}
		{BED1A1FD-A197-4E38-82E9-2BF164CD2B5C} = {1048A069-4818-4F5D-922A-962B6724F7D4}
		{DBDDBCA5-E5C4-4E1A-BD32-A85A948F8CE5} = {1048A069-4818-4F5D-922A-962B6724F7D4}
		{D7474805-566E-4585-B643-FA5E0BA71FF3} = {1048A069-4818-4F5D-922A-962B6724F7D4}
		{B685B1DD-4F94-4AA0-AB02-2663528A003E} = {1048A069-4818-4F5D-922A-962B6724F7D4}
		{4B865027-D057-472C-8A3B-3E6DF00CC95D} = {1048A069-4818-4F5D-922A-962B6724F7D4}
		{B65A0B18-4276-46CF-AE89-A68A1A14B0EB} = {1048A069-4818-4F5D-922A-962B6724F7D4}
		{2E74DEEA-8D81-4428-95FA-D16AF6AFEE75} = {1048A069-4818-4F5D-922A-962B6724F7D4}
		{6F172BE6-ABC8-4FAD-8B0C-843F6D11901C} = {1048A069-4818-4F5D-922A-962B6724F7D4}
		{0A6715F4-B168-4538-B6C5-3D18D5E0D5F7} = {1048A069-4818-4F5D-922A-962B6724F7D4}
		{80323E75-8D04-49BA-98C0-8F395E424CB0} = {1048A069-4818-4F5D-922A-962B6724F7D4}
		{325679FC-2744-4763-A39F-10196DEA3C90} = {1048A069-4818-4F5D-922A-962B6724F7D4}
		{BA2D826D-AE1D-4F4E-8982-27D2D0C2F723} = {1048A069-4818-4F5D-922A-962B6724F7D4}
		{7D972377-1B8B-4DE6-A290-977536356A71} = {1048A069-4818-4F5D-922A-962B6724F7D4}
	EndGlobalSection
	GlobalSection(ExtensibilityGlobals) = postSolution
		SolutionGuid = {19F10B65-F971-4F8B-8ECB-4BC80B658BE7}
	EndGlobalSection
EndGlobal
